{
  "name": "mmf27-dock-swipe-fix",
  "version": "0.2.0",
  "lockfileVersion": 3,
  "requires": true,
  "packages": {
    "": {
      "name": "mmf27-dock-swipe-fix",
      "version": "0.2.0",
      "cpu": [
        "arm64",
        "x64"
      ],
      "license": "MIT",
      "os": [
        "darwin"
      ],
      "bin": {
        "mac-mouse-fix-macos-27-fix": "bin/mmf27-fix.js",
        "mmf27-fix": "bin/mmf27-fix.js"
      },
      "engines": {
        "node": ">=18.17"
      }
    }
  }
}
